
Microsoft Visual Studio Solution File, Format Version 12.00
# Visual Studio Version 16
VisualStudioVersion = 16.0.30204.135
MinimumVisualStudioVersion = 10.0.40219.1
Project("{FAE04EC0-301F-11D3-BF4B-00C04F79EFBC}") = "DAL", "DAL.csproj", "{B6395F20-F3AC-4527-84F2-0CE78A948AA0}"
EndProject
Project("{FAE04EC0-301F-11D3-BF4B-00C04F79EFBC}") = "WebService", "..\WebServices\WebService.csproj", "{EE32F129-9C09-4153-9B02-11E63E87BD93}"
EndProject
Project("{FAE04EC0-301F-11D3-BF4B-00C04F79EFBC}") = "PortalMVC", "..\03-PortalMVC\PortalMVC.csproj", "{C899E366-94C1-454C-B76B-3028285D0F36}"
EndProject
Global
	GlobalSection(SolutionConfigurationPlatforms) = preSolution
		Debug|Any CPU = Debug|Any CPU
		Release|Any CPU = Release|Any CPU
	EndGlobalSection
	GlobalSection(ProjectConfigurationPlatforms) = postSolution
		{B6395F20-F3AC-4527-84F2-0CE78A948AA0}.Debug|Any CPU.ActiveCfg = Debug|Any CPU
		{B6395F20-F3AC-4527-84F2-0CE78A948AA0}.Debug|Any CPU.Build.0 = Debug|Any CPU
		{B6395F20-F3AC-4527-84F2-0CE78A948AA0}.Release|Any CPU.ActiveCfg = Release|Any CPU
		{B6395F20-F3AC-4527-84F2-0CE78A948AA0}.Release|Any CPU.Build.0 = Release|Any CPU
		{EE32F129-9C09-4153-9B02-11E63E87BD93}.Debug|Any CPU.ActiveCfg = Debug|Any CPU
		{EE32F129-9C09-4153-9B02-11E63E87BD93}.Debug|Any CPU.Build.0 = Debug|Any CPU
		{EE32F129-9C09-4153-9B02-11E63E87BD93}.Release|Any CPU.ActiveCfg = Release|Any CPU
		{EE32F129-9C09-4153-9B02-11E63E87BD93}.Release|Any CPU.Build.0 = Release|Any CPU
		{C899E366-94C1-454C-B76B-3028285D0F36}.Debug|Any CPU.ActiveCfg = Debug|Any CPU
		{C899E366-94C1-454C-B76B-3028285D0F36}.Debug|Any CPU.Build.0 = Debug|Any CPU
		{C899E366-94C1-454C-B76B-3028285D0F36}.Release|Any CPU.ActiveCfg = Release|Any CPU
		{C899E366-94C1-454C-B76B-3028285D0F36}.Release|Any CPU.Build.0 = Release|Any CPU
	EndGlobalSection
	GlobalSection(SolutionProperties) = preSolution
		HideSolutionNode = FALSE
	EndGlobalSection
	GlobalSection(ExtensibilityGlobals) = postSolution
		SolutionGuid = {561FB232-2346-44B0-AEAA-EF35C71E5308}
	EndGlobalSection
EndGlobal
